
Microsoft Visual Studio Solution File, Format Version 12.00
# Visual Studio Version 17
VisualStudioVersion = 17.13.35825.156 d17.13
MinimumVisualStudioVersion = 10.0.40219.1
Project("{FAE04EC0-301F-11D3-BF4B-00C04F79EFBC}") = "AmarLenden", "AmarLenden\AmarLenden.csproj", "{737F57D1-12FD-4403-BBEF-895911CE3BA2}"
EndProject
Global
	GlobalSection(SolutionConfigurationPlatforms) = preSolution
		Debug|Any CPU = Debug|Any CPU
		Release|Any CPU = Release|Any CPU
	EndGlobalSection
	GlobalSection(ProjectConfigurationPlatforms) = postSolution
		{737F57D1-12FD-4403-BBEF-895911CE3BA2}.Debug|Any CPU.ActiveCfg = Debug|Any CPU
		{737F57D1-12FD-4403-BBEF-895911CE3BA2}.Debug|Any CPU.Build.0 = Debug|Any CPU
		{737F57D1-12FD-4403-BBEF-895911CE3BA2}.Release|Any CPU.ActiveCfg = Release|Any CPU
		{737F57D1-12FD-4403-BBEF-895911CE3BA2}.Release|Any CPU.Build.0 = Release|Any CPU
	EndGlobalSection
	GlobalSection(SolutionProperties) = preSolution
		HideSolutionNode = FALSE
	EndGlobalSection
	GlobalSection(ExtensibilityGlobals) = postSolution
		SolutionGuid = {CA15A5F2-90F2-4BD1-BEE5-AABBC447EF0E}
	EndGlobalSection
EndGlobal
